// !$*UTF8*$!
{
	archiveVersion = 1;
	classes = {
	};
	objectVersion = 46;
	objects = {

/* Begin PBXBuildFile section */
		121BD1C5194063EE00CA2960 /* AppDelegate.swift in Sources */ = {isa = PBXBuildFile; fileRef = 121BD1C4194063EE00CA2960 /* AppDelegate.swift */; };
		121BD1C7194063EE00CA2960 /* MasterViewController.swift in Sources */ = {isa = PBXBuildFile; fileRef = 121BD1C6194063EE00CA2960 /* MasterViewController.swift */; };
		121BD1C9194063EE00CA2960 /* DetailViewController.swift in Sources */ = {isa = PBXBuildFile; fileRef = 121BD1C8194063EE00CA2960 /* DetailViewController.swift */; };
		121BD1CC194063EE00CA2960 /* Main.storyboard in Resources */ = {isa = PBXBuildFile; fileRef = 121BD1CA194063EE00CA2960 /* Main.storyboard */; };
		121BD1CE194063EE00CA2960 /* Images.xcassets in Resources */ = {isa = PBXBuildFile; fileRef = 121BD1CD194063EE00CA2960 /* Images.xcassets */; };
		121BD1DA194063EE00CA2960 /* iTunesFeedReaderTests.swift in Sources */ = {isa = PBXBuildFile; fileRef = 121BD1D9194063EE00CA2960 /* iTunesFeedReaderTests.swift */; };
		121BD1E51940785F00CA2960 /* FeedClient.swift in Sources */ = {isa = PBXBuildFile; fileRef = 121BD1E41940785F00CA2960 /* FeedClient.swift */; };
		121BD1E61940785F00CA2960 /* FeedClient.swift in Sources */ = {isa = PBXBuildFile; fileRef = 121BD1E41940785F00CA2960 /* FeedClient.swift */; };
		121BD1EA19407B5400CA2960 /* iTunesFeedClient.m in Sources */ = {isa = PBXBuildFile; fileRef = 121BD1E919407B5400CA2960 /* iTunesFeedClient.m */; };
		121BD1EB19407B5400CA2960 /* iTunesFeedClient.m in Sources */ = {isa = PBXBuildFile; fileRef = 121BD1E919407B5400CA2960 /* iTunesFeedClient.m */; };
		CA3B8347F7E547C8BC66630E /* libPods.a in Frameworks */ = {isa = PBXBuildFile; fileRef = EAD5BD7F13A2494A99147F95 /* libPods.a */; };
/* End PBXBuildFile section */

/* Begin PBXContainerItemProxy section */
		121BD1D4194063EE00CA2960 /* PBXContainerItemProxy */ = {
			isa = PBXContainerItemProxy;
			containerPortal = 121BD1B7194063EE00CA2960 /* Project object */;
			proxyType = 1;
			remoteGlobalIDString = 121BD1BE194063EE00CA2960;
			remoteInfo = iTunesFeedReader;
		};
/* End PBXContainerItemProxy section */

/* Begin PBXFileReference section */
		121BD1BF194063EE00CA2960 /* iTunesFeedReader.app */ = {isa = PBXFileReference; explicitFileType = wrapper.application; includeInIndex = 0; path = iTunesFeedReader.app; sourceTree = BUILT_PRODUCTS_DIR; };
		121BD1C3194063EE00CA2960 /* Info.plist */ = {isa = PBXFileReference; lastKnownFileType = text.plist.xml; path = Info.plist; sourceTree = "<group>"; };
		121BD1C4194063EE00CA2960 /* AppDelegate.swift */ = {isa = PBXFileReference; lastKnownFileType = sourcecode.swift; path = AppDelegate.swift; sourceTree = "<group>"; };
		121BD1C6194063EE00CA2960 /* MasterViewController.swift */ = {isa = PBXFileReference; lastKnownFileType = sourcecode.swift; path = MasterViewController.swift; sourceTree = "<group>"; };
		121BD1C8194063EE00CA2960 /* DetailViewController.swift */ = {isa = PBXFileReference; lastKnownFileType = sourcecode.swift; path = DetailViewController.swift; sourceTree = "<group>"; };
		121BD1CB194063EE00CA2960 /* Base */ = {isa = PBXFileReference; lastKnownFileType = file.storyboard; name = Base; path = Base.lproj/Main.storyboard; sourceTree = "<group>"; };
		121BD1CD194063EE00CA2960 /* Images.xcassets */ = {isa = PBXFileReference; lastKnownFileType = folder.assetcatalog; path = Images.xcassets; sourceTree = "<group>"; };
		121BD1D3194063EE00CA2960 /* iTunesFeedReaderTests.xctest */ = {isa = PBXFileReference; explicitFileType = wrapper.cfbundle; includeInIndex = 0; path = iTunesFeedReaderTests.xctest; sourceTree = BUILT_PRODUCTS_DIR; };
		121BD1D8194063EE00CA2960 /* Info.plist */ = {isa = PBXFileReference; lastKnownFileType = text.plist.xml; path = Info.plist; sourceTree = "<group>"; };
		121BD1D9194063EE00CA2960 /* iTunesFeedReaderTests.swift */ = {isa = PBXFileReference; lastKnownFileType = sourcecode.swift; path = iTunesFeedReaderTests.swift; sourceTree = "<group>"; };
		121BD1E319406EB900CA2960 /* iTunesFeedReader-Bridging-Header.h */ = {isa = PBXFileReference; fileEncoding = 4; lastKnownFileType = sourcecode.c.h; path = "iTunesFeedReader-Bridging-Header.h"; sourceTree = "<group>"; };
		121BD1E41940785F00CA2960 /* FeedClient.swift */ = {isa = PBXFileReference; fileEncoding = 4; lastKnownFileType = sourcecode.swift; path = FeedClient.swift; sourceTree = "<group>"; };
		121BD1E719407B5400CA2960 /* iTunesFeedReaderTests-Bridging-Header.h */ = {isa = PBXFileReference; lastKnownFileType = sourcecode.c.h; path = "iTunesFeedReaderTests-Bridging-Header.h"; sourceTree = "<group>"; };
		121BD1E819407B5400CA2960 /* iTunesFeedClient.h */ = {isa = PBXFileReference; fileEncoding = 4; lastKnownFileType = sourcecode.c.h; path = iTunesFeedClient.h; sourceTree = "<group>"; };
		121BD1E919407B5400CA2960 /* iTunesFeedClient.m */ = {isa = PBXFileReference; fileEncoding = 4; lastKnownFileType = sourcecode.c.objc; path = iTunesFeedClient.m; sourceTree = "<group>"; };
		4839069CC0C84483B9420B68 /* Pods.xcconfig */ = {isa = PBXFileReference; includeInIndex = 1; lastKnownFileType = text.xcconfig; name = Pods.xcconfig; path = Pods/Pods.xcconfig; sourceTree = "<group>"; };
		EAD5BD7F13A2494A99147F95 /* libPods.a */ = {isa = PBXFileReference; explicitFileType = archive.ar; includeInIndex = 0; path = libPods.a; sourceTree = BUILT_PRODUCTS_DIR; };
/* End PBXFileReference section */

/* Begin PBXFrameworksBuildPhase section */
		121BD1BC194063EE00CA2960 /* Frameworks */ = {
			isa = PBXFrameworksBuildPhase;
			buildActionMask = 2147483647;
			files = (
				CA3B8347F7E547C8BC66630E /* libPods.a in Frameworks */,
			);
			runOnlyForDeploymentPostprocessing = 0;
		};
		121BD1D0194063EE00CA2960 /* Frameworks */ = {
			isa = PBXFrameworksBuildPhase;
			buildActionMask = 2147483647;
			files = (
			);
			runOnlyForDeploymentPostprocessing = 0;
		};
/* End PBXFrameworksBuildPhase section */

/* Begin PBXGroup section */
		121BD1B6194063EE00CA2960 = {
			isa = PBXGroup;
			children = (
				121BD1C1194063EE00CA2960 /* iTunesFeedReader */,
				121BD1D6194063EE00CA2960 /* iTunesFeedReaderTests */,
				121BD1C0194063EE00CA2960 /* Products */,
				4839069CC0C84483B9420B68 /* Pods.xcconfig */,
				5DA828ADE8CE445FA4E97304 /* Frameworks */,
			);
			sourceTree = "<group>";
		};
		121BD1C0194063EE00CA2960 /* Products */ = {
			isa = PBXGroup;
			children = (
				121BD1BF194063EE00CA2960 /* iTunesFeedReader.app */,
				121BD1D3194063EE00CA2960 /* iTunesFeedReaderTests.xctest */,
			);
			name = Products;
			sourceTree = "<group>";
		};
		121BD1C1194063EE00CA2960 /* iTunesFeedReader */ = {
			isa = PBXGroup;
			children = (
				121BD1E41940785F00CA2960 /* FeedClient.swift */,
				121BD1C4194063EE00CA2960 /* AppDelegate.swift */,
				121BD1C6194063EE00CA2960 /* MasterViewController.swift */,
				121BD1C8194063EE00CA2960 /* DetailViewController.swift */,
				121BD1E819407B5400CA2960 /* iTunesFeedClient.h */,
				121BD1E919407B5400CA2960 /* iTunesFeedClient.m */,
				121BD1CA194063EE00CA2960 /* Main.storyboard */,
				121BD1CD194063EE00CA2960 /* Images.xcassets */,
				121BD1C2194063EE00CA2960 /* Supporting Files */,
				121BD1E719407B5400CA2960 /* iTunesFeedReaderTests-Bridging-Header.h */,
			);
			path = iTunesFeedReader;
			sourceTree = "<group>";
		};
		121BD1C2194063EE00CA2960 /* Supporting Files */ = {
			isa = PBXGroup;
			children = (
				121BD1E319406EB900CA2960 /* iTunesFeedReader-Bridging-Header.h */,
				121BD1C3194063EE00CA2960 /* Info.plist */,
			);
			name = "Supporting Files";
			sourceTree = "<group>";
		};
		121BD1D6194063EE00CA2960 /* iTunesFeedReaderTests */ = {
			isa = PBXGroup;
			children = (
				121BD1D9194063EE00CA2960 /* iTunesFeedReaderTests.swift */,
				121BD1D7194063EE00CA2960 /* Supporting Files */,
			);
			path = iTunesFeedReaderTests;
			sourceTree = "<group>";
		};
		121BD1D7194063EE00CA2960 /* Supporting Files */ = {
			isa = PBXGroup;
			children = (
				121BD1D8194063EE00CA2960 /* Info.plist */,
			);
			name = "Supporting Files";
			sourceTree = "<group>";
		};
		5DA828ADE8CE445FA4E97304 /* Frameworks */ = {
			isa = PBXGroup;
			children = (
				EAD5BD7F13A2494A99147F95 /* libPods.a */,
			);
			name = Frameworks;
			sourceTree = "<group>";
		};
/* End PBXGroup section */

/* Begin PBXNativeTarget section */
		121BD1BE194063EE00CA2960 /* iTunesFeedReader */ = {
			isa = PBXNativeTarget;
			buildConfigurationList = 121BD1DD194063EE00CA2960 /* Build configuration list for PBXNativeTarget "iTunesFeedReader" */;
			buildPhases = (
				AA66C872D8D2487E83B46079 /* Check Pods Manifest.lock */,
				121BD1BB194063EE00CA2960 /* Sources */,
				121BD1BC194063EE00CA2960 /* Frameworks */,
				121BD1BD194063EE00CA2960 /* Resources */,
				09D2BC5BD7EA4406A6FA8E5E /* Copy Pods Resources */,
			);
			buildRules = (
			);
			dependencies = (
			);
			name = iTunesFeedReader;
			productName = iTunesFeedReader;
			productReference = 121BD1BF194063EE00CA2960 /* iTunesFeedReader.app */;
			productType = "com.apple.product-type.application";
		};
		121BD1D2194063EE00CA2960 /* iTunesFeedReaderTests */ = {
			isa = PBXNativeTarget;
			buildConfigurationList = 121BD1E0194063EE00CA2960 /* Build configuration list for PBXNativeTarget "iTunesFeedReaderTests" */;
			buildPhases = (
				121BD1CF194063EE00CA2960 /* Sources */,
				121BD1D0194063EE00CA2960 /* Frameworks */,
				121BD1D1194063EE00CA2960 /* Resources */,
			);
			buildRules = (
			);
			dependencies = (
				121BD1D5194063EE00CA2960 /* PBXTargetDependency */,
			);
			name = iTunesFeedReaderTests;
			productName = iTunesFeedReaderTests;
			productReference = 121BD1D3194063EE00CA2960 /* iTunesFeedReaderTests.xctest */;
			productType = "com.apple.product-type.bundle.unit-test";
		};
/* End PBXNativeTarget section */

/* Begin PBXProject section */
		121BD1B7194063EE00CA2960 /* Project object */ = {
			isa = PBXProject;
			attributes = {
				LastUpgradeCheck = 0600;
				ORGANIZATIONNAME = "Naoki Tsutsui";
				TargetAttributes = {
					121BD1BE194063EE00CA2960 = {
						CreatedOnToolsVersion = 6.0;
					};
					121BD1D2194063EE00CA2960 = {
						CreatedOnToolsVersion = 6.0;
						TestTargetID = 121BD1BE194063EE00CA2960;
					};
				};
			};
			buildConfigurationList = 121BD1BA194063EE00CA2960 /* Build configuration list for PBXProject "iTunesFeedReader" */;
			compatibilityVersion = "Xcode 3.2";
			developmentRegion = English;
			hasScannedForEncodings = 0;
			knownRegions = (
				en,
				Base,
			);
			mainGroup = 121BD1B6194063EE00CA2960;
			productRefGroup = 121BD1C0194063EE00CA2960 /* Products */;
			projectDirPath = "";
			projectRoot = "";
			targets = (
				121BD1BE194063EE00CA2960 /* iTunesFeedReader */,
				121BD1D2194063EE00CA2960 /* iTunesFeedReaderTests */,
			);
		};
/* End PBXProject section */

/* Begin PBXResourcesBuildPhase section */
		121BD1BD194063EE00CA2960 /* Resources */ = {
			isa = PBXResourcesBuildPhase;
			buildActionMask = 2147483647;
			files = (
				121BD1CC194063EE00CA2960 /* Main.storyboard in Resources */,
				121BD1CE194063EE00CA2960 /* Images.xcassets in Resources */,
			);
			runOnlyForDeploymentPostprocessing = 0;
		};
		121BD1D1194063EE00CA2960 /* Resources */ = {
			isa = PBXResourcesBuildPhase;
			buildActionMask = 2147483647;
			files = (
			);
			runOnlyForDeploymentPostprocessing = 0;
		};
/* End PBXResourcesBuildPhase section */

/* Begin PBXShellScriptBuildPhase section */
		09D2BC5BD7EA4406A6FA8E5E /* Copy Pods Resources */ = {
			isa = PBXShellScriptBuildPhase;
			buildActionMask = 2147483647;
			files = (
			);
			inputPaths = (
			);
			name = "Copy Pods Resources";
			outputPaths = (
			);
			runOnlyForDeploymentPostprocessing = 0;
			shellPath = /bin/sh;
			shellScript = "\"${SRCROOT}/Pods/Pods-resources.sh\"\n";
			showEnvVarsInLog = 0;
		};
		AA66C872D8D2487E83B46079 /* Check Pods Manifest.lock */ = {
			isa = PBXShellScriptBuildPhase;
			buildActionMask = 2147483647;
			files = (
			);
			inputPaths = (
			);
			name = "Check Pods Manifest.lock";
			outputPaths = (
			);
			runOnlyForDeploymentPostprocessing = 0;
			shellPath = /bin/sh;
			shellScript = "diff \"${PODS_ROOT}/../Podfile.lock\" \"${PODS_ROOT}/Manifest.lock\" > /dev/null\nif [[ $? != 0 ]] ; then\n    cat << EOM\nerror: The sandbox is not in sync with the Podfile.lock. Run 'pod install' or update your CocoaPods installation.\nEOM\n    exit 1\nfi\n";
			showEnvVarsInLog = 0;
		};
/* End PBXShellScriptBuildPhase section */

/* Begin PBXSourcesBuildPhase section */
		121BD1BB194063EE00CA2960 /* Sources */ = {
			isa = PBXSourcesBuildPhase;
			buildActionMask = 2147483647;
			files = (
				121BD1EA19407B5400CA2960 /* iTunesFeedClient.m in Sources */,
				121BD1C9194063EE00CA2960 /* DetailViewController.swift in Sources */,
				121BD1C7194063EE00CA2960 /* MasterViewController.swift in Sources */,
				121BD1E51940785F00CA2960 /* FeedClient.swift in Sources */,
				121BD1C5194063EE00CA2960 /* AppDelegate.swift in Sources */,
			);
			runOnlyForDeploymentPostprocessing = 0;
		};
		121BD1CF194063EE00CA2960 /* Sources */ = {
			isa = PBXSourcesBuildPhase;
			buildActionMask = 2147483647;
			files = (
				121BD1E61940785F00CA2960 /* FeedClient.swift in Sources */,
				121BD1EB19407B5400CA2960 /* iTunesFeedClient.m in Sources */,
				121BD1DA194063EE00CA2960 /* iTunesFeedReaderTests.swift in Sources */,
			);
			runOnlyForDeploymentPostprocessing = 0;
		};
/* End PBXSourcesBuildPhase section */

/* Begin PBXTargetDependency section */
		121BD1D5194063EE00CA2960 /* PBXTargetDependency */ = {
			isa = PBXTargetDependency;
			target = 121BD1BE194063EE00CA2960 /* iTunesFeedReader */;
			targetProxy = 121BD1D4194063EE00CA2960 /* PBXContainerItemProxy */;
		};
/* End PBXTargetDependency section */

/* Begin PBXVariantGroup section */
		121BD1CA194063EE00CA2960 /* Main.storyboard */ = {
			isa = PBXVariantGroup;
			children = (
				121BD1CB194063EE00CA2960 /* Base */,
			);
			name = Main.storyboard;
			sourceTree = "<group>";
		};
/* End PBXVariantGroup section */

/* Begin XCBuildConfiguration section */
		121BD1DB194063EE00CA2960 /* Debug */ = {
			isa = XCBuildConfiguration;
			buildSettings = {
				ALWAYS_SEARCH_USER_PATHS = NO;
				CLANG_CXX_LANGUAGE_STANDARD = "gnu++0x";
				CLANG_CXX_LIBRARY = "libc++";
				CLANG_ENABLE_MODULES = YES;
				CLANG_ENABLE_OBJC_ARC = YES;
				CLANG_WARN_BOOL_CONVERSION = YES;
				CLANG_WARN_CONSTANT_CONVERSION = YES;
				CLANG_WARN_DIRECT_OBJC_ISA_USAGE = YES_ERROR;
				CLANG_WARN_EMPTY_BODY = YES;
				CLANG_WARN_ENUM_CONVERSION = YES;
				CLANG_WARN_INT_CONVERSION = YES;
				CLANG_WARN_OBJC_ROOT_CLASS = YES_ERROR;
				CLANG_WARN_UNREACHABLE_CODE = YES;
				CLANG_WARN__DUPLICATE_METHOD_MATCH = YES;
				"CODE_SIGN_IDENTITY[sdk=iphoneos*]" = "iPhone Developer";
				COPY_PHASE_STRIP = NO;
				ENABLE_STRICT_OBJC_MSGSEND = YES;
				GCC_C_LANGUAGE_STANDARD = gnu99;
				GCC_DYNAMIC_NO_PIC = NO;
				GCC_OPTIMIZATION_LEVEL = 0;
				GCC_PREPROCESSOR_DEFINITIONS = (
					"DEBUG=1",
					"$(inherited)",
				);
				GCC_SYMBOLS_PRIVATE_EXTERN = NO;
				GCC_WARN_64_TO_32_BIT_CONVERSION = YES;
				GCC_WARN_ABOUT_RETURN_TYPE = YES_ERROR;
				GCC_WARN_UNDECLARED_SELECTOR = YES;
				GCC_WARN_UNINITIALIZED_AUTOS = YES_AGGRESSIVE;
				GCC_WARN_UNUSED_FUNCTION = YES;
				GCC_WARN_UNUSED_VARIABLE = YES;
				IPHONEOS_DEPLOYMENT_TARGET = 8.0;
				METAL_ENABLE_DEBUG_INFO = YES;
				ONLY_ACTIVE_ARCH = YES;
				SDKROOT = iphoneos;
				SWIFT_OPTIMIZATION_LEVEL = "-Onone";
			};
			name = Debug;
		};
		121BD1DC194063EE00CA2960 /* Release */ = {
			isa = XCBuildConfiguration;
			buildSettings = {
				ALWAYS_SEARCH_USER_PATHS = NO;
				CLANG_CXX_LANGUAGE_STANDARD = "gnu++0x";
				CLANG_CXX_LIBRARY = "libc++";
				CLANG_ENABLE_MODULES = YES;
				CLANG_ENABLE_OBJC_ARC = YES;
				CLANG_WARN_BOOL_CONVERSION = YES;
				CLANG_WARN_CONSTANT_CONVERSION = YES;
				CLANG_WARN_DIRECT_OBJC_ISA_USAGE = YES_ERROR;
				CLANG_WARN_EMPTY_BODY = YES;
				CLANG_WARN_ENUM_CONVERSION = YES;
				CLANG_WARN_INT_CONVERSION = YES;
				CLANG_WARN_OBJC_ROOT_CLASS = YES_ERROR;
				CLANG_WARN_UNREACHABLE_CODE = YES;
				CLANG_WARN__DUPLICATE_METHOD_MATCH = YES;
				"CODE_SIGN_IDENTITY[sdk=iphoneos*]" = "iPhone Developer";
				COPY_PHASE_STRIP = YES;
				ENABLE_NS_ASSERTIONS = NO;
				ENABLE_STRICT_OBJC_MSGSEND = YES;
				GCC_C_LANGUAGE_STANDARD = gnu99;
				GCC_WARN_64_TO_32_BIT_CONVERSION = YES;
				GCC_WARN_ABOUT_RETURN_TYPE = YES_ERROR;
				GCC_WARN_UNDECLARED_SELECTOR = YES;
				GCC_WARN_UNINITIALIZED_AUTOS = YES_AGGRESSIVE;
				GCC_WARN_UNUSED_FUNCTION = YES;
				GCC_WARN_UNUSED_VARIABLE = YES;
				IPHONEOS_DEPLOYMENT_TARGET = 8.0;
				METAL_ENABLE_DEBUG_INFO = NO;
				SDKROOT = iphoneos;
				VALIDATE_PRODUCT = YES;
			};
			name = Release;
		};
		121BD1DE194063EE00CA2960 /* Debug */ = {
			isa = XCBuildConfiguration;
			baseConfigurationReference = 4839069CC0C84483B9420B68 /* Pods.xcconfig */;
			buildSettings = {
				ASSETCATALOG_COMPILER_APPICON_NAME = AppIcon;
				ASSETCATALOG_COMPILER_LAUNCHIMAGE_NAME = LaunchImage;
				INFOPLIST_FILE = iTunesFeedReader/Info.plist;
				LD_RUNPATH_SEARCH_PATHS = "$(inherited) @executable_path/Frameworks";
				PRODUCT_NAME = "$(TARGET_NAME)";
				SWIFT_OBJC_BRIDGING_HEADER = "iTunesFeedReader/iTunesFeedReader-Bridging-Header.h";
			};
			name = Debug;
		};
		121BD1DF194063EE00CA2960 /* Release */ = {
			isa = XCBuildConfiguration;
			baseConfigurationReference = 4839069CC0C84483B9420B68 /* Pods.xcconfig */;
			buildSettings = {
				ASSETCATALOG_COMPILER_APPICON_NAME = AppIcon;
				ASSETCATALOG_COMPILER_LAUNCHIMAGE_NAME = LaunchImage;
				INFOPLIST_FILE = iTunesFeedReader/Info.plist;
				LD_RUNPATH_SEARCH_PATHS = "$(inherited) @executable_path/Frameworks";
				PRODUCT_NAME = "$(TARGET_NAME)";
				SWIFT_OBJC_BRIDGING_HEADER = "iTunesFeedReader/iTunesFeedReader-Bridging-Header.h";
			};
			name = Release;
		};
		121BD1E1194063EE00CA2960 /* Debug */ = {
			isa = XCBuildConfiguration;
			buildSettings = {
				BUNDLE_LOADER = "$(BUILT_PRODUCTS_DIR)/iTunesFeedReader.app/iTunesFeedReader";
				CLANG_ENABLE_MODULES = YES;
				FRAMEWORK_SEARCH_PATHS = (
					"$(SDKROOT)/Developer/Library/Frameworks",
					"$(inherited)",
				);
				GCC_PREPROCESSOR_DEFINITIONS = (
					"DEBUG=1",
					"$(inherited)",
				);
				INFOPLIST_FILE = iTunesFeedReaderTests/Info.plist;
				LD_RUNPATH_SEARCH_PATHS = "$(inherited) @executable_path/Frameworks @loader_path/Frameworks";
				METAL_ENABLE_DEBUG_INFO = YES;
				PRODUCT_NAME = "$(TARGET_NAME)";
				SWIFT_OBJC_BRIDGING_HEADER = "iTunesFeedReader/iTunesFeedReaderTests-Bridging-Header.h";
				SWIFT_OPTIMIZATION_LEVEL = "-Onone";
				TEST_HOST = "$(BUNDLE_LOADER)";
			};
			name = Debug;
		};
		121BD1E2194063EE00CA2960 /* Release */ = {
			isa = XCBuildConfiguration;
			buildSettings = {
				BUNDLE_LOADER = "$(BUILT_PRODUCTS_DIR)/iTunesFeedReader.app/iTunesFeedReader";
				CLANG_ENABLE_MODULES = YES;
				FRAMEWORK_SEARCH_PATHS = (
					"$(SDKROOT)/Developer/Library/Frameworks",
					"$(inherited)",
				);
				INFOPLIST_FILE = iTunesFeedReaderTests/Info.plist;
				LD_RUNPATH_SEARCH_PATHS = "$(inherited) @executable_path/Frameworks @loader_path/Frameworks";
				METAL_ENABLE_DEBUG_INFO = NO;
				PRODUCT_NAME = "$(TARGET_NAME)";
				SWIFT_OBJC_BRIDGING_HEADER = "iTunesFeedReader/iTunesFeedReaderTests-Bridging-Header.h";
				TEST_HOST = "$(BUNDLE_LOADER)";
			};
			name = Release;
		};
/* End XCBuildConfiguration section */

/* Begin XCConfigurationList section */
		121BD1BA194063EE00CA2960 /* Build configuration list for PBXProject "iTunesFeedReader" */ = {
			isa = XCConfigurationList;
			buildConfigurations = (
				121BD1DB194063EE00CA2960 /* Debug */,
				121BD1DC194063EE00CA2960 /* Release */,
			);
			defaultConfigurationIsVisible = 0;
			defaultConfigurationName = Release;
		};
		121BD1DD194063EE00CA2960 /* Build configuration list for PBXNativeTarget "iTunesFeedReader" */ = {
			isa = XCConfigurationList;
			buildConfigurations = (
				121BD1DE194063EE00CA2960 /* Debug */,
				121BD1DF194063EE00CA2960 /* Release */,
			);
			defaultConfigurationIsVisible = 0;
			defaultConfigurationName = Release;
		};
		121BD1E0194063EE00CA2960 /* Build configuration list for PBXNativeTarget "iTunesFeedReaderTests" */ = {
			isa = XCConfigurationList;
			buildConfigurations = (
				121BD1E1194063EE00CA2960 /* Debug */,
				121BD1E2194063EE00CA2960 /* Release */,
			);
			defaultConfigurationIsVisible = 0;
			defaultConfigurationName = Release;
		};
/* End XCConfigurationList section */
	};
	rootObject = 121BD1B7194063EE00CA2960 /* Project object */;
}
