// !$*UTF8*$!
{
	archiveVersion = 1;
	classes = {
	};
	objectVersion = 46;
	objects = {

/* Begin PBXBuildFile section */
		12931BAF19BB1D12000EF8B6 /* AppDelegate.swift in Sources */ = {isa = PBXBuildFile; fileRef = 12931BAE19BB1D12000EF8B6 /* AppDelegate.swift */; };
		12931BB119BB1D12000EF8B6 /* ViewController.swift in Sources */ = {isa = PBXBuildFile; fileRef = 12931BB019BB1D12000EF8B6 /* ViewController.swift */; };
		12931BB419BB1D12000EF8B6 /* Main.storyboard in Resources */ = {isa = PBXBuildFile; fileRef = 12931BB219BB1D12000EF8B6 /* Main.storyboard */; };
		12931BB619BB1D12000EF8B6 /* Images.xcassets in Resources */ = {isa = PBXBuildFile; fileRef = 12931BB519BB1D12000EF8B6 /* Images.xcassets */; };
		12931BC219BB1D12000EF8B6 /* SimpleFlickrTests.swift in Sources */ = {isa = PBXBuildFile; fileRef = 12931BC119BB1D12000EF8B6 /* SimpleFlickrTests.swift */; };
/* End PBXBuildFile section */

/* Begin PBXContainerItemProxy section */
		12931BBC19BB1D12000EF8B6 /* PBXContainerItemProxy */ = {
			isa = PBXContainerItemProxy;
			containerPortal = 12931BA119BB1D11000EF8B6 /* Project object */;
			proxyType = 1;
			remoteGlobalIDString = 12931BA819BB1D12000EF8B6;
			remoteInfo = SimpleFlickr;
		};
/* End PBXContainerItemProxy section */

/* Begin PBXFileReference section */
		12931BA919BB1D12000EF8B6 /* SimpleFlickr.app */ = {isa = PBXFileReference; explicitFileType = wrapper.application; includeInIndex = 0; path = SimpleFlickr.app; sourceTree = BUILT_PRODUCTS_DIR; };
		12931BAD19BB1D12000EF8B6 /* Info.plist */ = {isa = PBXFileReference; lastKnownFileType = text.plist.xml; path = Info.plist; sourceTree = "<group>"; };
		12931BAE19BB1D12000EF8B6 /* AppDelegate.swift */ = {isa = PBXFileReference; lastKnownFileType = sourcecode.swift; path = AppDelegate.swift; sourceTree = "<group>"; };
		12931BB019BB1D12000EF8B6 /* ViewController.swift */ = {isa = PBXFileReference; lastKnownFileType = sourcecode.swift; path = ViewController.swift; sourceTree = "<group>"; };
		12931BB319BB1D12000EF8B6 /* Base */ = {isa = PBXFileReference; lastKnownFileType = file.storyboard; name = Base; path = Base.lproj/Main.storyboard; sourceTree = "<group>"; };
		12931BB519BB1D12000EF8B6 /* Images.xcassets */ = {isa = PBXFileReference; lastKnownFileType = folder.assetcatalog; path = Images.xcassets; sourceTree = "<group>"; };
		12931BBB19BB1D12000EF8B6 /* SimpleFlickrTests.xctest */ = {isa = PBXFileReference; explicitFileType = wrapper.cfbundle; includeInIndex = 0; path = SimpleFlickrTests.xctest; sourceTree = BUILT_PRODUCTS_DIR; };
		12931BC019BB1D12000EF8B6 /* Info.plist */ = {isa = PBXFileReference; lastKnownFileType = text.plist.xml; path = Info.plist; sourceTree = "<group>"; };
		12931BC119BB1D12000EF8B6 /* SimpleFlickrTests.swift */ = {isa = PBXFileReference; lastKnownFileType = sourcecode.swift; path = SimpleFlickrTests.swift; sourceTree = "<group>"; };
/* End PBXFileReference section */

/* Begin PBXFrameworksBuildPhase section */
		12931BA619BB1D12000EF8B6 /* Frameworks */ = {
			isa = PBXFrameworksBuildPhase;
			buildActionMask = 2147483647;
			files = (
			);
			runOnlyForDeploymentPostprocessing = 0;
		};
		12931BB819BB1D12000EF8B6 /* Frameworks */ = {
			isa = PBXFrameworksBuildPhase;
			buildActionMask = 2147483647;
			files = (
			);
			runOnlyForDeploymentPostprocessing = 0;
		};
/* End PBXFrameworksBuildPhase section */

/* Begin PBXGroup section */
		12931BA019BB1D11000EF8B6 = {
			isa = PBXGroup;
			children = (
				12931BAB19BB1D12000EF8B6 /* SimpleFlickr */,
				12931BBE19BB1D12000EF8B6 /* SimpleFlickrTests */,
				12931BAA19BB1D12000EF8B6 /* Products */,
			);
			sourceTree = "<group>";
		};
		12931BAA19BB1D12000EF8B6 /* Products */ = {
			isa = PBXGroup;
			children = (
				12931BA919BB1D12000EF8B6 /* SimpleFlickr.app */,
				12931BBB19BB1D12000EF8B6 /* SimpleFlickrTests.xctest */,
			);
			name = Products;
			sourceTree = "<group>";
		};
		12931BAB19BB1D12000EF8B6 /* SimpleFlickr */ = {
			isa = PBXGroup;
			children = (
				12931BAE19BB1D12000EF8B6 /* AppDelegate.swift */,
				12931BB019BB1D12000EF8B6 /* ViewController.swift */,
				12931BB219BB1D12000EF8B6 /* Main.storyboard */,
				12931BB519BB1D12000EF8B6 /* Images.xcassets */,
				12931BAC19BB1D12000EF8B6 /* Supporting Files */,
			);
			path = SimpleFlickr;
			sourceTree = "<group>";
		};
		12931BAC19BB1D12000EF8B6 /* Supporting Files */ = {
			isa = PBXGroup;
			children = (
				12931BAD19BB1D12000EF8B6 /* Info.plist */,
			);
			name = "Supporting Files";
			sourceTree = "<group>";
		};
		12931BBE19BB1D12000EF8B6 /* SimpleFlickrTests */ = {
			isa = PBXGroup;
			children = (
				12931BC119BB1D12000EF8B6 /* SimpleFlickrTests.swift */,
				12931BBF19BB1D12000EF8B6 /* Supporting Files */,
			);
			path = SimpleFlickrTests;
			sourceTree = "<group>";
		};
		12931BBF19BB1D12000EF8B6 /* Supporting Files */ = {
			isa = PBXGroup;
			children = (
				12931BC019BB1D12000EF8B6 /* Info.plist */,
			);
			name = "Supporting Files";
			sourceTree = "<group>";
		};
/* End PBXGroup section */

/* Begin PBXNativeTarget section */
		12931BA819BB1D12000EF8B6 /* SimpleFlickr */ = {
			isa = PBXNativeTarget;
			buildConfigurationList = 12931BC519BB1D12000EF8B6 /* Build configuration list for PBXNativeTarget "SimpleFlickr" */;
			buildPhases = (
				12931BA519BB1D12000EF8B6 /* Sources */,
				12931BA619BB1D12000EF8B6 /* Frameworks */,
				12931BA719BB1D12000EF8B6 /* Resources */,
			);
			buildRules = (
			);
			dependencies = (
			);
			name = SimpleFlickr;
			productName = SimpleFlickr;
			productReference = 12931BA919BB1D12000EF8B6 /* SimpleFlickr.app */;
			productType = "com.apple.product-type.application";
		};
		12931BBA19BB1D12000EF8B6 /* SimpleFlickrTests */ = {
			isa = PBXNativeTarget;
			buildConfigurationList = 12931BC819BB1D12000EF8B6 /* Build configuration list for PBXNativeTarget "SimpleFlickrTests" */;
			buildPhases = (
				12931BB719BB1D12000EF8B6 /* Sources */,
				12931BB819BB1D12000EF8B6 /* Frameworks */,
				12931BB919BB1D12000EF8B6 /* Resources */,
			);
			buildRules = (
			);
			dependencies = (
				12931BBD19BB1D12000EF8B6 /* PBXTargetDependency */,
			);
			name = SimpleFlickrTests;
			productName = SimpleFlickrTests;
			productReference = 12931BBB19BB1D12000EF8B6 /* SimpleFlickrTests.xctest */;
			productType = "com.apple.product-type.bundle.unit-test";
		};
/* End PBXNativeTarget section */

/* Begin PBXProject section */
		12931BA119BB1D11000EF8B6 /* Project object */ = {
			isa = PBXProject;
			attributes = {
				LastUpgradeCheck = 0600;
				ORGANIZATIONNAME = "Naoki Tsutsui";
				TargetAttributes = {
					12931BA819BB1D12000EF8B6 = {
						CreatedOnToolsVersion = 6.0;
					};
					12931BBA19BB1D12000EF8B6 = {
						CreatedOnToolsVersion = 6.0;
						TestTargetID = 12931BA819BB1D12000EF8B6;
					};
				};
			};
			buildConfigurationList = 12931BA419BB1D11000EF8B6 /* Build configuration list for PBXProject "SimpleFlickr" */;
			compatibilityVersion = "Xcode 3.2";
			developmentRegion = English;
			hasScannedForEncodings = 0;
			knownRegions = (
				en,
				Base,
			);
			mainGroup = 12931BA019BB1D11000EF8B6;
			productRefGroup = 12931BAA19BB1D12000EF8B6 /* Products */;
			projectDirPath = "";
			projectRoot = "";
			targets = (
				12931BA819BB1D12000EF8B6 /* SimpleFlickr */,
				12931BBA19BB1D12000EF8B6 /* SimpleFlickrTests */,
			);
		};
/* End PBXProject section */

/* Begin PBXResourcesBuildPhase section */
		12931BA719BB1D12000EF8B6 /* Resources */ = {
			isa = PBXResourcesBuildPhase;
			buildActionMask = 2147483647;
			files = (
				12931BB419BB1D12000EF8B6 /* Main.storyboard in Resources */,
				12931BB619BB1D12000EF8B6 /* Images.xcassets in Resources */,
			);
			runOnlyForDeploymentPostprocessing = 0;
		};
		12931BB919BB1D12000EF8B6 /* Resources */ = {
			isa = PBXResourcesBuildPhase;
			buildActionMask = 2147483647;
			files = (
			);
			runOnlyForDeploymentPostprocessing = 0;
		};
/* End PBXResourcesBuildPhase section */

/* Begin PBXSourcesBuildPhase section */
		12931BA519BB1D12000EF8B6 /* Sources */ = {
			isa = PBXSourcesBuildPhase;
			buildActionMask = 2147483647;
			files = (
				12931BB119BB1D12000EF8B6 /* ViewController.swift in Sources */,
				12931BAF19BB1D12000EF8B6 /* AppDelegate.swift in Sources */,
			);
			runOnlyForDeploymentPostprocessing = 0;
		};
		12931BB719BB1D12000EF8B6 /* Sources */ = {
			isa = PBXSourcesBuildPhase;
			buildActionMask = 2147483647;
			files = (
				12931BC219BB1D12000EF8B6 /* SimpleFlickrTests.swift in Sources */,
			);
			runOnlyForDeploymentPostprocessing = 0;
		};
/* End PBXSourcesBuildPhase section */

/* Begin PBXTargetDependency section */
		12931BBD19BB1D12000EF8B6 /* PBXTargetDependency */ = {
			isa = PBXTargetDependency;
			target = 12931BA819BB1D12000EF8B6 /* SimpleFlickr */;
			targetProxy = 12931BBC19BB1D12000EF8B6 /* PBXContainerItemProxy */;
		};
/* End PBXTargetDependency section */

/* Begin PBXVariantGroup section */
		12931BB219BB1D12000EF8B6 /* Main.storyboard */ = {
			isa = PBXVariantGroup;
			children = (
				12931BB319BB1D12000EF8B6 /* Base */,
			);
			name = Main.storyboard;
			sourceTree = "<group>";
		};
/* End PBXVariantGroup section */

/* Begin XCBuildConfiguration section */
		12931BC319BB1D12000EF8B6 /* Debug */ = {
			isa = XCBuildConfiguration;
			buildSettings = {
				ALWAYS_SEARCH_USER_PATHS = NO;
				CLANG_CXX_LANGUAGE_STANDARD = "gnu++0x";
				CLANG_CXX_LIBRARY = "libc++";
				CLANG_ENABLE_MODULES = YES;
				CLANG_ENABLE_OBJC_ARC = YES;
				CLANG_WARN_BOOL_CONVERSION = YES;
				CLANG_WARN_CONSTANT_CONVERSION = YES;
				CLANG_WARN_DIRECT_OBJC_ISA_USAGE = YES_ERROR;
				CLANG_WARN_EMPTY_BODY = YES;
				CLANG_WARN_ENUM_CONVERSION = YES;
				CLANG_WARN_INT_CONVERSION = YES;
				CLANG_WARN_OBJC_ROOT_CLASS = YES_ERROR;
				CLANG_WARN_UNREACHABLE_CODE = YES;
				CLANG_WARN__DUPLICATE_METHOD_MATCH = YES;
				"CODE_SIGN_IDENTITY[sdk=iphoneos*]" = "iPhone Developer";
				COPY_PHASE_STRIP = NO;
				ENABLE_STRICT_OBJC_MSGSEND = YES;
				GCC_C_LANGUAGE_STANDARD = gnu99;
				GCC_DYNAMIC_NO_PIC = NO;
				GCC_OPTIMIZATION_LEVEL = 0;
				GCC_PREPROCESSOR_DEFINITIONS = (
					"DEBUG=1",
					"$(inherited)",
				);
				GCC_SYMBOLS_PRIVATE_EXTERN = NO;
				GCC_WARN_64_TO_32_BIT_CONVERSION = YES;
				GCC_WARN_ABOUT_RETURN_TYPE = YES_ERROR;
				GCC_WARN_UNDECLARED_SELECTOR = YES;
				GCC_WARN_UNINITIALIZED_AUTOS = YES_AGGRESSIVE;
				GCC_WARN_UNUSED_FUNCTION = YES;
				GCC_WARN_UNUSED_VARIABLE = YES;
				IPHONEOS_DEPLOYMENT_TARGET = 8.0;
				MTL_ENABLE_DEBUG_INFO = YES;
				ONLY_ACTIVE_ARCH = YES;
				SDKROOT = iphoneos;
				SWIFT_OPTIMIZATION_LEVEL = "-Onone";
			};
			name = Debug;
		};
		12931BC419BB1D12000EF8B6 /* Release */ = {
			isa = XCBuildConfiguration;
			buildSettings = {
				ALWAYS_SEARCH_USER_PATHS = NO;
				CLANG_CXX_LANGUAGE_STANDARD = "gnu++0x";
				CLANG_CXX_LIBRARY = "libc++";
				CLANG_ENABLE_MODULES = YES;
				CLANG_ENABLE_OBJC_ARC = YES;
				CLANG_WARN_BOOL_CONVERSION = YES;
				CLANG_WARN_CONSTANT_CONVERSION = YES;
				CLANG_WARN_DIRECT_OBJC_ISA_USAGE = YES_ERROR;
				CLANG_WARN_EMPTY_BODY = YES;
				CLANG_WARN_ENUM_CONVERSION = YES;
				CLANG_WARN_INT_CONVERSION = YES;
				CLANG_WARN_OBJC_ROOT_CLASS = YES_ERROR;
				CLANG_WARN_UNREACHABLE_CODE = YES;
				CLANG_WARN__DUPLICATE_METHOD_MATCH = YES;
				"CODE_SIGN_IDENTITY[sdk=iphoneos*]" = "iPhone Developer";
				COPY_PHASE_STRIP = YES;
				ENABLE_NS_ASSERTIONS = NO;
				ENABLE_STRICT_OBJC_MSGSEND = YES;
				GCC_C_LANGUAGE_STANDARD = gnu99;
				GCC_WARN_64_TO_32_BIT_CONVERSION = YES;
				GCC_WARN_ABOUT_RETURN_TYPE = YES_ERROR;
				GCC_WARN_UNDECLARED_SELECTOR = YES;
				GCC_WARN_UNINITIALIZED_AUTOS = YES_AGGRESSIVE;
				GCC_WARN_UNUSED_FUNCTION = YES;
				GCC_WARN_UNUSED_VARIABLE = YES;
				IPHONEOS_DEPLOYMENT_TARGET = 8.0;
				MTL_ENABLE_DEBUG_INFO = NO;
				SDKROOT = iphoneos;
				VALIDATE_PRODUCT = YES;
			};
			name = Release;
		};
		12931BC619BB1D12000EF8B6 /* Debug */ = {
			isa = XCBuildConfiguration;
			buildSettings = {
				ASSETCATALOG_COMPILER_APPICON_NAME = AppIcon;
				ASSETCATALOG_COMPILER_LAUNCHIMAGE_NAME = LaunchImage;
				INFOPLIST_FILE = SimpleFlickr/Info.plist;
				LD_RUNPATH_SEARCH_PATHS = "$(inherited) @executable_path/Frameworks";
				PRODUCT_NAME = "$(TARGET_NAME)";
			};
			name = Debug;
		};
		12931BC719BB1D12000EF8B6 /* Release */ = {
			isa = XCBuildConfiguration;
			buildSettings = {
				ASSETCATALOG_COMPILER_APPICON_NAME = AppIcon;
				ASSETCATALOG_COMPILER_LAUNCHIMAGE_NAME = LaunchImage;
				INFOPLIST_FILE = SimpleFlickr/Info.plist;
				LD_RUNPATH_SEARCH_PATHS = "$(inherited) @executable_path/Frameworks";
				PRODUCT_NAME = "$(TARGET_NAME)";
			};
			name = Release;
		};
		12931BC919BB1D12000EF8B6 /* Debug */ = {
			isa = XCBuildConfiguration;
			buildSettings = {
				BUNDLE_LOADER = "$(TEST_HOST)";
				FRAMEWORK_SEARCH_PATHS = (
					"$(SDKROOT)/Developer/Library/Frameworks",
					"$(inherited)",
				);
				GCC_PREPROCESSOR_DEFINITIONS = (
					"DEBUG=1",
					"$(inherited)",
				);
				INFOPLIST_FILE = SimpleFlickrTests/Info.plist;
				LD_RUNPATH_SEARCH_PATHS = "$(inherited) @executable_path/Frameworks @loader_path/Frameworks";
				PRODUCT_NAME = "$(TARGET_NAME)";
				TEST_HOST = "$(BUILT_PRODUCTS_DIR)/SimpleFlickr.app/SimpleFlickr";
			};
			name = Debug;
		};
		12931BCA19BB1D12000EF8B6 /* Release */ = {
			isa = XCBuildConfiguration;
			buildSettings = {
				BUNDLE_LOADER = "$(TEST_HOST)";
				FRAMEWORK_SEARCH_PATHS = (
					"$(SDKROOT)/Developer/Library/Frameworks",
					"$(inherited)",
				);
				INFOPLIST_FILE = SimpleFlickrTests/Info.plist;
				LD_RUNPATH_SEARCH_PATHS = "$(inherited) @executable_path/Frameworks @loader_path/Frameworks";
				PRODUCT_NAME = "$(TARGET_NAME)";
				TEST_HOST = "$(BUILT_PRODUCTS_DIR)/SimpleFlickr.app/SimpleFlickr";
			};
			name = Release;
		};
/* End XCBuildConfiguration section */

/* Begin XCConfigurationList section */
		12931BA419BB1D11000EF8B6 /* Build configuration list for PBXProject "SimpleFlickr" */ = {
			isa = XCConfigurationList;
			buildConfigurations = (
				12931BC319BB1D12000EF8B6 /* Debug */,
				12931BC419BB1D12000EF8B6 /* Release */,
			);
			defaultConfigurationIsVisible = 0;
			defaultConfigurationName = Release;
		};
		12931BC519BB1D12000EF8B6 /* Build configuration list for PBXNativeTarget "SimpleFlickr" */ = {
			isa = XCConfigurationList;
			buildConfigurations = (
				12931BC619BB1D12000EF8B6 /* Debug */,
				12931BC719BB1D12000EF8B6 /* Release */,
			);
			defaultConfigurationIsVisible = 0;
		};
		12931BC819BB1D12000EF8B6 /* Build configuration list for PBXNativeTarget "SimpleFlickrTests" */ = {
			isa = XCConfigurationList;
			buildConfigurations = (
				12931BC919BB1D12000EF8B6 /* Debug */,
				12931BCA19BB1D12000EF8B6 /* Release */,
			);
			defaultConfigurationIsVisible = 0;
		};
/* End XCConfigurationList section */
	};
	rootObject = 12931BA119BB1D11000EF8B6 /* Project object */;
}
