// !$*UTF8*$!
{
	archiveVersion = 1;
	classes = {
	};
	objectVersion = 46;
	objects = {

/* Begin PBXBuildFile section */
		12B1556219937B6F009D65FB /* AppDelegate.swift in Sources */ = {isa = PBXBuildFile; fileRef = 12B1556119937B6F009D65FB /* AppDelegate.swift */; };
		12B1556419937B6F009D65FB /* ViewController.swift in Sources */ = {isa = PBXBuildFile; fileRef = 12B1556319937B6F009D65FB /* ViewController.swift */; };
		12B1556719937B6F009D65FB /* Main.storyboard in Resources */ = {isa = PBXBuildFile; fileRef = 12B1556519937B6F009D65FB /* Main.storyboard */; };
		12B1556919937B6F009D65FB /* Images.xcassets in Resources */ = {isa = PBXBuildFile; fileRef = 12B1556819937B6F009D65FB /* Images.xcassets */; };
		12B1557519937B6F009D65FB /* DownloadDemoTests.swift in Sources */ = {isa = PBXBuildFile; fileRef = 12B1557419937B6F009D65FB /* DownloadDemoTests.swift */; };
/* End PBXBuildFile section */

/* Begin PBXContainerItemProxy section */
		12B1556F19937B6F009D65FB /* PBXContainerItemProxy */ = {
			isa = PBXContainerItemProxy;
			containerPortal = 12B1555419937B6F009D65FB /* Project object */;
			proxyType = 1;
			remoteGlobalIDString = 12B1555B19937B6F009D65FB;
			remoteInfo = DownloadDemo;
		};
/* End PBXContainerItemProxy section */

/* Begin PBXFileReference section */
		12B1555C19937B6F009D65FB /* DownloadDemo.app */ = {isa = PBXFileReference; explicitFileType = wrapper.application; includeInIndex = 0; path = DownloadDemo.app; sourceTree = BUILT_PRODUCTS_DIR; };
		12B1556019937B6F009D65FB /* Info.plist */ = {isa = PBXFileReference; lastKnownFileType = text.plist.xml; path = Info.plist; sourceTree = "<group>"; };
		12B1556119937B6F009D65FB /* AppDelegate.swift */ = {isa = PBXFileReference; lastKnownFileType = sourcecode.swift; path = AppDelegate.swift; sourceTree = "<group>"; };
		12B1556319937B6F009D65FB /* ViewController.swift */ = {isa = PBXFileReference; lastKnownFileType = sourcecode.swift; path = ViewController.swift; sourceTree = "<group>"; };
		12B1556619937B6F009D65FB /* Base */ = {isa = PBXFileReference; lastKnownFileType = file.storyboard; name = Base; path = Base.lproj/Main.storyboard; sourceTree = "<group>"; };
		12B1556819937B6F009D65FB /* Images.xcassets */ = {isa = PBXFileReference; lastKnownFileType = folder.assetcatalog; path = Images.xcassets; sourceTree = "<group>"; };
		12B1556E19937B6F009D65FB /* DownloadDemoTests.xctest */ = {isa = PBXFileReference; explicitFileType = wrapper.cfbundle; includeInIndex = 0; path = DownloadDemoTests.xctest; sourceTree = BUILT_PRODUCTS_DIR; };
		12B1557319937B6F009D65FB /* Info.plist */ = {isa = PBXFileReference; lastKnownFileType = text.plist.xml; path = Info.plist; sourceTree = "<group>"; };
		12B1557419937B6F009D65FB /* DownloadDemoTests.swift */ = {isa = PBXFileReference; lastKnownFileType = sourcecode.swift; path = DownloadDemoTests.swift; sourceTree = "<group>"; };
/* End PBXFileReference section */

/* Begin PBXFrameworksBuildPhase section */
		12B1555919937B6F009D65FB /* Frameworks */ = {
			isa = PBXFrameworksBuildPhase;
			buildActionMask = 2147483647;
			files = (
			);
			runOnlyForDeploymentPostprocessing = 0;
		};
		12B1556B19937B6F009D65FB /* Frameworks */ = {
			isa = PBXFrameworksBuildPhase;
			buildActionMask = 2147483647;
			files = (
			);
			runOnlyForDeploymentPostprocessing = 0;
		};
/* End PBXFrameworksBuildPhase section */

/* Begin PBXGroup section */
		12B1555319937B6F009D65FB = {
			isa = PBXGroup;
			children = (
				12B1555E19937B6F009D65FB /* DownloadDemo */,
				12B1557119937B6F009D65FB /* DownloadDemoTests */,
				12B1555D19937B6F009D65FB /* Products */,
			);
			sourceTree = "<group>";
		};
		12B1555D19937B6F009D65FB /* Products */ = {
			isa = PBXGroup;
			children = (
				12B1555C19937B6F009D65FB /* DownloadDemo.app */,
				12B1556E19937B6F009D65FB /* DownloadDemoTests.xctest */,
			);
			name = Products;
			sourceTree = "<group>";
		};
		12B1555E19937B6F009D65FB /* DownloadDemo */ = {
			isa = PBXGroup;
			children = (
				12B1556119937B6F009D65FB /* AppDelegate.swift */,
				12B1556319937B6F009D65FB /* ViewController.swift */,
				12B1556519937B6F009D65FB /* Main.storyboard */,
				12B1556819937B6F009D65FB /* Images.xcassets */,
				12B1555F19937B6F009D65FB /* Supporting Files */,
			);
			path = DownloadDemo;
			sourceTree = "<group>";
		};
		12B1555F19937B6F009D65FB /* Supporting Files */ = {
			isa = PBXGroup;
			children = (
				12B1556019937B6F009D65FB /* Info.plist */,
			);
			name = "Supporting Files";
			sourceTree = "<group>";
		};
		12B1557119937B6F009D65FB /* DownloadDemoTests */ = {
			isa = PBXGroup;
			children = (
				12B1557419937B6F009D65FB /* DownloadDemoTests.swift */,
				12B1557219937B6F009D65FB /* Supporting Files */,
			);
			path = DownloadDemoTests;
			sourceTree = "<group>";
		};
		12B1557219937B6F009D65FB /* Supporting Files */ = {
			isa = PBXGroup;
			children = (
				12B1557319937B6F009D65FB /* Info.plist */,
			);
			name = "Supporting Files";
			sourceTree = "<group>";
		};
/* End PBXGroup section */

/* Begin PBXNativeTarget section */
		12B1555B19937B6F009D65FB /* DownloadDemo */ = {
			isa = PBXNativeTarget;
			buildConfigurationList = 12B1557819937B6F009D65FB /* Build configuration list for PBXNativeTarget "DownloadDemo" */;
			buildPhases = (
				12B1555819937B6F009D65FB /* Sources */,
				12B1555919937B6F009D65FB /* Frameworks */,
				12B1555A19937B6F009D65FB /* Resources */,
			);
			buildRules = (
			);
			dependencies = (
			);
			name = DownloadDemo;
			productName = DownloadDemo;
			productReference = 12B1555C19937B6F009D65FB /* DownloadDemo.app */;
			productType = "com.apple.product-type.application";
		};
		12B1556D19937B6F009D65FB /* DownloadDemoTests */ = {
			isa = PBXNativeTarget;
			buildConfigurationList = 12B1557B19937B6F009D65FB /* Build configuration list for PBXNativeTarget "DownloadDemoTests" */;
			buildPhases = (
				12B1556A19937B6F009D65FB /* Sources */,
				12B1556B19937B6F009D65FB /* Frameworks */,
				12B1556C19937B6F009D65FB /* Resources */,
			);
			buildRules = (
			);
			dependencies = (
				12B1557019937B6F009D65FB /* PBXTargetDependency */,
			);
			name = DownloadDemoTests;
			productName = DownloadDemoTests;
			productReference = 12B1556E19937B6F009D65FB /* DownloadDemoTests.xctest */;
			productType = "com.apple.product-type.bundle.unit-test";
		};
/* End PBXNativeTarget section */

/* Begin PBXProject section */
		12B1555419937B6F009D65FB /* Project object */ = {
			isa = PBXProject;
			attributes = {
				LastUpgradeCheck = 0600;
				ORGANIZATIONNAME = "Naoki Tsutsui";
				TargetAttributes = {
					12B1555B19937B6F009D65FB = {
						CreatedOnToolsVersion = 6.0;
					};
					12B1556D19937B6F009D65FB = {
						CreatedOnToolsVersion = 6.0;
						TestTargetID = 12B1555B19937B6F009D65FB;
					};
				};
			};
			buildConfigurationList = 12B1555719937B6F009D65FB /* Build configuration list for PBXProject "DownloadDemo" */;
			compatibilityVersion = "Xcode 3.2";
			developmentRegion = English;
			hasScannedForEncodings = 0;
			knownRegions = (
				en,
				Base,
			);
			mainGroup = 12B1555319937B6F009D65FB;
			productRefGroup = 12B1555D19937B6F009D65FB /* Products */;
			projectDirPath = "";
			projectRoot = "";
			targets = (
				12B1555B19937B6F009D65FB /* DownloadDemo */,
				12B1556D19937B6F009D65FB /* DownloadDemoTests */,
			);
		};
/* End PBXProject section */

/* Begin PBXResourcesBuildPhase section */
		12B1555A19937B6F009D65FB /* Resources */ = {
			isa = PBXResourcesBuildPhase;
			buildActionMask = 2147483647;
			files = (
				12B1556719937B6F009D65FB /* Main.storyboard in Resources */,
				12B1556919937B6F009D65FB /* Images.xcassets in Resources */,
			);
			runOnlyForDeploymentPostprocessing = 0;
		};
		12B1556C19937B6F009D65FB /* Resources */ = {
			isa = PBXResourcesBuildPhase;
			buildActionMask = 2147483647;
			files = (
			);
			runOnlyForDeploymentPostprocessing = 0;
		};
/* End PBXResourcesBuildPhase section */

/* Begin PBXSourcesBuildPhase section */
		12B1555819937B6F009D65FB /* Sources */ = {
			isa = PBXSourcesBuildPhase;
			buildActionMask = 2147483647;
			files = (
				12B1556419937B6F009D65FB /* ViewController.swift in Sources */,
				12B1556219937B6F009D65FB /* AppDelegate.swift in Sources */,
			);
			runOnlyForDeploymentPostprocessing = 0;
		};
		12B1556A19937B6F009D65FB /* Sources */ = {
			isa = PBXSourcesBuildPhase;
			buildActionMask = 2147483647;
			files = (
				12B1557519937B6F009D65FB /* DownloadDemoTests.swift in Sources */,
			);
			runOnlyForDeploymentPostprocessing = 0;
		};
/* End PBXSourcesBuildPhase section */

/* Begin PBXTargetDependency section */
		12B1557019937B6F009D65FB /* PBXTargetDependency */ = {
			isa = PBXTargetDependency;
			target = 12B1555B19937B6F009D65FB /* DownloadDemo */;
			targetProxy = 12B1556F19937B6F009D65FB /* PBXContainerItemProxy */;
		};
/* End PBXTargetDependency section */

/* Begin PBXVariantGroup section */
		12B1556519937B6F009D65FB /* Main.storyboard */ = {
			isa = PBXVariantGroup;
			children = (
				12B1556619937B6F009D65FB /* Base */,
			);
			name = Main.storyboard;
			sourceTree = "<group>";
		};
/* End PBXVariantGroup section */

/* Begin XCBuildConfiguration section */
		12B1557619937B6F009D65FB /* Debug */ = {
			isa = XCBuildConfiguration;
			buildSettings = {
				ALWAYS_SEARCH_USER_PATHS = NO;
				CLANG_CXX_LANGUAGE_STANDARD = "gnu++0x";
				CLANG_CXX_LIBRARY = "libc++";
				CLANG_ENABLE_MODULES = YES;
				CLANG_ENABLE_OBJC_ARC = YES;
				CLANG_WARN_BOOL_CONVERSION = YES;
				CLANG_WARN_CONSTANT_CONVERSION = YES;
				CLANG_WARN_DIRECT_OBJC_ISA_USAGE = YES_ERROR;
				CLANG_WARN_EMPTY_BODY = YES;
				CLANG_WARN_ENUM_CONVERSION = YES;
				CLANG_WARN_INT_CONVERSION = YES;
				CLANG_WARN_OBJC_ROOT_CLASS = YES_ERROR;
				CLANG_WARN_UNREACHABLE_CODE = YES;
				CLANG_WARN__DUPLICATE_METHOD_MATCH = YES;
				"CODE_SIGN_IDENTITY[sdk=iphoneos*]" = "iPhone Developer";
				COPY_PHASE_STRIP = NO;
				ENABLE_STRICT_OBJC_MSGSEND = YES;
				GCC_C_LANGUAGE_STANDARD = gnu99;
				GCC_DYNAMIC_NO_PIC = NO;
				GCC_OPTIMIZATION_LEVEL = 0;
				GCC_PREPROCESSOR_DEFINITIONS = (
					"DEBUG=1",
					"$(inherited)",
				);
				GCC_SYMBOLS_PRIVATE_EXTERN = NO;
				GCC_WARN_64_TO_32_BIT_CONVERSION = YES;
				GCC_WARN_ABOUT_RETURN_TYPE = YES_ERROR;
				GCC_WARN_UNDECLARED_SELECTOR = YES;
				GCC_WARN_UNINITIALIZED_AUTOS = YES_AGGRESSIVE;
				GCC_WARN_UNUSED_FUNCTION = YES;
				GCC_WARN_UNUSED_VARIABLE = YES;
				IPHONEOS_DEPLOYMENT_TARGET = 8.0;
				MTL_ENABLE_DEBUG_INFO = YES;
				ONLY_ACTIVE_ARCH = YES;
				SDKROOT = iphoneos;
				SWIFT_OPTIMIZATION_LEVEL = "-Onone";
			};
			name = Debug;
		};
		12B1557719937B6F009D65FB /* Release */ = {
			isa = XCBuildConfiguration;
			buildSettings = {
				ALWAYS_SEARCH_USER_PATHS = NO;
				CLANG_CXX_LANGUAGE_STANDARD = "gnu++0x";
				CLANG_CXX_LIBRARY = "libc++";
				CLANG_ENABLE_MODULES = YES;
				CLANG_ENABLE_OBJC_ARC = YES;
				CLANG_WARN_BOOL_CONVERSION = YES;
				CLANG_WARN_CONSTANT_CONVERSION = YES;
				CLANG_WARN_DIRECT_OBJC_ISA_USAGE = YES_ERROR;
				CLANG_WARN_EMPTY_BODY = YES;
				CLANG_WARN_ENUM_CONVERSION = YES;
				CLANG_WARN_INT_CONVERSION = YES;
				CLANG_WARN_OBJC_ROOT_CLASS = YES_ERROR;
				CLANG_WARN_UNREACHABLE_CODE = YES;
				CLANG_WARN__DUPLICATE_METHOD_MATCH = YES;
				"CODE_SIGN_IDENTITY[sdk=iphoneos*]" = "iPhone Developer";
				COPY_PHASE_STRIP = YES;
				ENABLE_NS_ASSERTIONS = NO;
				ENABLE_STRICT_OBJC_MSGSEND = YES;
				GCC_C_LANGUAGE_STANDARD = gnu99;
				GCC_WARN_64_TO_32_BIT_CONVERSION = YES;
				GCC_WARN_ABOUT_RETURN_TYPE = YES_ERROR;
				GCC_WARN_UNDECLARED_SELECTOR = YES;
				GCC_WARN_UNINITIALIZED_AUTOS = YES_AGGRESSIVE;
				GCC_WARN_UNUSED_FUNCTION = YES;
				GCC_WARN_UNUSED_VARIABLE = YES;
				IPHONEOS_DEPLOYMENT_TARGET = 8.0;
				MTL_ENABLE_DEBUG_INFO = NO;
				SDKROOT = iphoneos;
				VALIDATE_PRODUCT = YES;
			};
			name = Release;
		};
		12B1557919937B6F009D65FB /* Debug */ = {
			isa = XCBuildConfiguration;
			buildSettings = {
				ASSETCATALOG_COMPILER_APPICON_NAME = AppIcon;
				ASSETCATALOG_COMPILER_LAUNCHIMAGE_NAME = LaunchImage;
				INFOPLIST_FILE = DownloadDemo/Info.plist;
				LD_RUNPATH_SEARCH_PATHS = "$(inherited) @executable_path/Frameworks";
				PRODUCT_NAME = "$(TARGET_NAME)";
			};
			name = Debug;
		};
		12B1557A19937B6F009D65FB /* Release */ = {
			isa = XCBuildConfiguration;
			buildSettings = {
				ASSETCATALOG_COMPILER_APPICON_NAME = AppIcon;
				ASSETCATALOG_COMPILER_LAUNCHIMAGE_NAME = LaunchImage;
				INFOPLIST_FILE = DownloadDemo/Info.plist;
				LD_RUNPATH_SEARCH_PATHS = "$(inherited) @executable_path/Frameworks";
				PRODUCT_NAME = "$(TARGET_NAME)";
			};
			name = Release;
		};
		12B1557C19937B6F009D65FB /* Debug */ = {
			isa = XCBuildConfiguration;
			buildSettings = {
				BUNDLE_LOADER = "$(TEST_HOST)";
				FRAMEWORK_SEARCH_PATHS = (
					"$(SDKROOT)/Developer/Library/Frameworks",
					"$(inherited)",
				);
				GCC_PREPROCESSOR_DEFINITIONS = (
					"DEBUG=1",
					"$(inherited)",
				);
				INFOPLIST_FILE = DownloadDemoTests/Info.plist;
				LD_RUNPATH_SEARCH_PATHS = "$(inherited) @executable_path/Frameworks @loader_path/Frameworks";
				PRODUCT_NAME = "$(TARGET_NAME)";
				TEST_HOST = "$(BUILT_PRODUCTS_DIR)/DownloadDemo.app/DownloadDemo";
			};
			name = Debug;
		};
		12B1557D19937B6F009D65FB /* Release */ = {
			isa = XCBuildConfiguration;
			buildSettings = {
				BUNDLE_LOADER = "$(TEST_HOST)";
				FRAMEWORK_SEARCH_PATHS = (
					"$(SDKROOT)/Developer/Library/Frameworks",
					"$(inherited)",
				);
				INFOPLIST_FILE = DownloadDemoTests/Info.plist;
				LD_RUNPATH_SEARCH_PATHS = "$(inherited) @executable_path/Frameworks @loader_path/Frameworks";
				PRODUCT_NAME = "$(TARGET_NAME)";
				TEST_HOST = "$(BUILT_PRODUCTS_DIR)/DownloadDemo.app/DownloadDemo";
			};
			name = Release;
		};
/* End XCBuildConfiguration section */

/* Begin XCConfigurationList section */
		12B1555719937B6F009D65FB /* Build configuration list for PBXProject "DownloadDemo" */ = {
			isa = XCConfigurationList;
			buildConfigurations = (
				12B1557619937B6F009D65FB /* Debug */,
				12B1557719937B6F009D65FB /* Release */,
			);
			defaultConfigurationIsVisible = 0;
			defaultConfigurationName = Release;
		};
		12B1557819937B6F009D65FB /* Build configuration list for PBXNativeTarget "DownloadDemo" */ = {
			isa = XCConfigurationList;
			buildConfigurations = (
				12B1557919937B6F009D65FB /* Debug */,
				12B1557A19937B6F009D65FB /* Release */,
			);
			defaultConfigurationIsVisible = 0;
		};
		12B1557B19937B6F009D65FB /* Build configuration list for PBXNativeTarget "DownloadDemoTests" */ = {
			isa = XCConfigurationList;
			buildConfigurations = (
				12B1557C19937B6F009D65FB /* Debug */,
				12B1557D19937B6F009D65FB /* Release */,
			);
			defaultConfigurationIsVisible = 0;
		};
/* End XCConfigurationList section */
	};
	rootObject = 12B1555419937B6F009D65FB /* Project object */;
}
